
Microsoft Visual Studio Solution File, Format Version 12.00
# Visual Studio Version 17
VisualStudioVersion = 17.4.34408.133
MinimumVisualStudioVersion = 10.0.40219.1
Project("{888888A0-9F3D-457C-B088-3A5042F75D52}") = "BildFormatÄnderung", "BildFormatÄnderung\BildFormatÄnderung.pyproj", "{ACD57FDE-227A-4376-8014-65135FB30538}"
EndProject
Global
	GlobalSection(SolutionConfigurationPlatforms) = preSolution
		Debug|Any CPU = Debug|Any CPU
		Release|Any CPU = Release|Any CPU
	EndGlobalSection
	GlobalSection(ProjectConfigurationPlatforms) = postSolution
		{ACD57FDE-227A-4376-8014-65135FB30538}.Debug|Any CPU.ActiveCfg = Debug|Any CPU
		{ACD57FDE-227A-4376-8014-65135FB30538}.Release|Any CPU.ActiveCfg = Release|Any CPU
	EndGlobalSection
	GlobalSection(SolutionProperties) = preSolution
		HideSolutionNode = FALSE
	EndGlobalSection
	GlobalSection(ExtensibilityGlobals) = postSolution
		SolutionGuid = {81EA6377-75B0-42A7-8337-02839A527224}
	EndGlobalSection
EndGlobal
